// !$*UTF8*$!
{
	archiveVersion = 1;
	classes = {
	};
	objectVersion = 56;
	objects = {

/* Begin PBXBuildFile section */
		8D4C72A129646DEA00610DE4 /* AppDelegate.swift in Sources */ = {isa = PBXBuildFile; fileRef = 8D4C72A029646DEA00610DE4 /* AppDelegate.swift */; };
		8D4C72A329646DEA00610DE4 /* SceneDelegate.swift in Sources */ = {isa = PBXBuildFile; fileRef = 8D4C72A229646DEA00610DE4 /* SceneDelegate.swift */; };
		8D4C72A529646DEA00610DE4 /* RMTabViewController.swift in Sources */ = {isa = PBXBuildFile; fileRef = 8D4C72A429646DEA00610DE4 /* RMTabViewController.swift */; };
		8D4C72AA29646DEC00610DE4 /* Assets.xcassets in Resources */ = {isa = PBXBuildFile; fileRef = 8D4C72A929646DEC00610DE4 /* Assets.xcassets */; };
		8D4C72AD29646DEC00610DE4 /* LaunchScreen.storyboard in Resources */ = {isa = PBXBuildFile; fileRef = 8D4C72AB29646DEC00610DE4 /* LaunchScreen.storyboard */; };
		8D4C72BC29646FFB00610DE4 /* RMLocation.swift in Sources */ = {isa = PBXBuildFile; fileRef = 8D4C72BB29646FFB00610DE4 /* RMLocation.swift */; };
		8D4C72BF2964702200610DE4 /* RMCharacter.swift in Sources */ = {isa = PBXBuildFile; fileRef = 8D4C72BE2964702200610DE4 /* RMCharacter.swift */; };
		8D4C72C22964703100610DE4 /* RMEpisode.swift in Sources */ = {isa = PBXBuildFile; fileRef = 8D4C72C12964703100610DE4 /* RMEpisode.swift */; };
		8D4C72C5296470BB00610DE4 /* RMCharecterViewController.swift in Sources */ = {isa = PBXBuildFile; fileRef = 8D4C72C4296470BB00610DE4 /* RMCharecterViewController.swift */; };
		8D4C72C7296470CB00610DE4 /* RMLocationViewController.swift in Sources */ = {isa = PBXBuildFile; fileRef = 8D4C72C6296470CB00610DE4 /* RMLocationViewController.swift */; };
		8D4C72C92964710F00610DE4 /* RMEpisodeViewController.swift in Sources */ = {isa = PBXBuildFile; fileRef = 8D4C72C82964710F00610DE4 /* RMEpisodeViewController.swift */; };
		8D4C72CB2964711700610DE4 /* RMSettingsViewController.swift in Sources */ = {isa = PBXBuildFile; fileRef = 8D4C72CA2964711700610DE4 /* RMSettingsViewController.swift */; };
		8D4C72CD29647C6100610DE4 /* RMService.swift in Sources */ = {isa = PBXBuildFile; fileRef = 8D4C72CC29647C6100610DE4 /* RMService.swift */; };
		8D4C72CF29647C6A00610DE4 /* RMRequest.swift in Sources */ = {isa = PBXBuildFile; fileRef = 8D4C72CE29647C6A00610DE4 /* RMRequest.swift */; };
		8D4C72D129647D0500610DE4 /* RMEndpoint.swift in Sources */ = {isa = PBXBuildFile; fileRef = 8D4C72D029647D0500610DE4 /* RMEndpoint.swift */; };
		8D4C72D5297AB92400610DE4 /* RMGetAllCharactersResponse.swift in Sources */ = {isa = PBXBuildFile; fileRef = 8D4C72D4297AB92400610DE4 /* RMGetAllCharactersResponse.swift */; };
/* End PBXBuildFile section */

/* Begin PBXFileReference section */
		8D4C729D29646DEA00610DE4 /* RickAndMorty.app */ = {isa = PBXFileReference; explicitFileType = wrapper.application; includeInIndex = 0; path = RickAndMorty.app; sourceTree = BUILT_PRODUCTS_DIR; };
		8D4C72A029646DEA00610DE4 /* AppDelegate.swift */ = {isa = PBXFileReference; lastKnownFileType = sourcecode.swift; path = AppDelegate.swift; sourceTree = "<group>"; };
		8D4C72A229646DEA00610DE4 /* SceneDelegate.swift */ = {isa = PBXFileReference; lastKnownFileType = sourcecode.swift; path = SceneDelegate.swift; sourceTree = "<group>"; };
		8D4C72A429646DEA00610DE4 /* RMTabViewController.swift */ = {isa = PBXFileReference; lastKnownFileType = sourcecode.swift; path = RMTabViewController.swift; sourceTree = "<group>"; };
		8D4C72A929646DEC00610DE4 /* Assets.xcassets */ = {isa = PBXFileReference; lastKnownFileType = folder.assetcatalog; path = Assets.xcassets; sourceTree = "<group>"; };
		8D4C72AC29646DEC00610DE4 /* Base */ = {isa = PBXFileReference; lastKnownFileType = file.storyboard; name = Base; path = Base.lproj/LaunchScreen.storyboard; sourceTree = "<group>"; };
		8D4C72AE29646DEC00610DE4 /* Info.plist */ = {isa = PBXFileReference; lastKnownFileType = text.plist.xml; path = Info.plist; sourceTree = "<group>"; };
		8D4C72BB29646FFB00610DE4 /* RMLocation.swift */ = {isa = PBXFileReference; lastKnownFileType = sourcecode.swift; path = RMLocation.swift; sourceTree = "<group>"; };
		8D4C72BE2964702200610DE4 /* RMCharacter.swift */ = {isa = PBXFileReference; lastKnownFileType = sourcecode.swift; path = RMCharacter.swift; sourceTree = "<group>"; };
		8D4C72C12964703100610DE4 /* RMEpisode.swift */ = {isa = PBXFileReference; lastKnownFileType = sourcecode.swift; path = RMEpisode.swift; sourceTree = "<group>"; };
		8D4C72C4296470BB00610DE4 /* RMCharecterViewController.swift */ = {isa = PBXFileReference; lastKnownFileType = sourcecode.swift; path = RMCharecterViewController.swift; sourceTree = "<group>"; };
		8D4C72C6296470CB00610DE4 /* RMLocationViewController.swift */ = {isa = PBXFileReference; lastKnownFileType = sourcecode.swift; path = RMLocationViewController.swift; sourceTree = "<group>"; };
		8D4C72C82964710F00610DE4 /* RMEpisodeViewController.swift */ = {isa = PBXFileReference; lastKnownFileType = sourcecode.swift; path = RMEpisodeViewController.swift; sourceTree = "<group>"; };
		8D4C72CA2964711700610DE4 /* RMSettingsViewController.swift */ = {isa = PBXFileReference; lastKnownFileType = sourcecode.swift; path = RMSettingsViewController.swift; sourceTree = "<group>"; };
		8D4C72CC29647C6100610DE4 /* RMService.swift */ = {isa = PBXFileReference; lastKnownFileType = sourcecode.swift; path = RMService.swift; sourceTree = "<group>"; };
		8D4C72CE29647C6A00610DE4 /* RMRequest.swift */ = {isa = PBXFileReference; lastKnownFileType = sourcecode.swift; path = RMRequest.swift; sourceTree = "<group>"; };
		8D4C72D029647D0500610DE4 /* RMEndpoint.swift */ = {isa = PBXFileReference; lastKnownFileType = sourcecode.swift; path = RMEndpoint.swift; sourceTree = "<group>"; };
		8D4C72D4297AB92400610DE4 /* RMGetAllCharactersResponse.swift */ = {isa = PBXFileReference; lastKnownFileType = sourcecode.swift; path = RMGetAllCharactersResponse.swift; sourceTree = "<group>"; };
/* End PBXFileReference section */

/* Begin PBXFrameworksBuildPhase section */
		8D4C729A29646DEA00610DE4 /* Frameworks */ = {
			isa = PBXFrameworksBuildPhase;
			buildActionMask = 2147483647;
			files = (
			);
			runOnlyForDeploymentPostprocessing = 0;
		};
/* End PBXFrameworksBuildPhase section */

/* Begin PBXGroup section */
		8D4C729429646DEA00610DE4 = {
			isa = PBXGroup;
			children = (
				8D4C729F29646DEA00610DE4 /* RickAndMorty */,
				8D4C729E29646DEA00610DE4 /* Products */,
			);
			sourceTree = "<group>";
		};
		8D4C729E29646DEA00610DE4 /* Products */ = {
			isa = PBXGroup;
			children = (
				8D4C729D29646DEA00610DE4 /* RickAndMorty.app */,
			);
			name = Products;
			sourceTree = "<group>";
		};
		8D4C729F29646DEA00610DE4 /* RickAndMorty */ = {
			isa = PBXGroup;
			children = (
				8D4C72BA29646F8800610DE4 /* Resources */,
				8D4C72B929646F8300610DE4 /* Managers */,
				8D4C72B829646F7300610DE4 /* APIClient */,
				8D4C72B729646F6900610DE4 /* ViewModels */,
				8D4C72B629646F6300610DE4 /* Views */,
				8D4C72B529646F5F00610DE4 /* Models */,
				8D4C72B429646F5800610DE4 /* Controllers */,
				8D4C72AE29646DEC00610DE4 /* Info.plist */,
			);
			path = RickAndMorty;
			sourceTree = "<group>";
		};
		8D4C72B429646F5800610DE4 /* Controllers */ = {
			isa = PBXGroup;
			children = (
				8D4C72C32964707B00610DE4 /* Core */,
			);
			path = Controllers;
			sourceTree = "<group>";
		};
		8D4C72B529646F5F00610DE4 /* Models */ = {
			isa = PBXGroup;
			children = (
				8D4C72D3297AB8F600610DE4 /* APIResponseTypes */,
				8D4C72D2297AB8B400610DE4 /* DataTypes */,
			);
			path = Models;
			sourceTree = "<group>";
		};
		8D4C72B629646F6300610DE4 /* Views */ = {
			isa = PBXGroup;
			children = (
			);
			path = Views;
			sourceTree = "<group>";
		};
		8D4C72B729646F6900610DE4 /* ViewModels */ = {
			isa = PBXGroup;
			children = (
			);
			path = ViewModels;
			sourceTree = "<group>";
		};
		8D4C72B829646F7300610DE4 /* APIClient */ = {
			isa = PBXGroup;
			children = (
				8D4C72CC29647C6100610DE4 /* RMService.swift */,
				8D4C72CE29647C6A00610DE4 /* RMRequest.swift */,
				8D4C72D029647D0500610DE4 /* RMEndpoint.swift */,
			);
			path = APIClient;
			sourceTree = "<group>";
		};
		8D4C72B929646F8300610DE4 /* Managers */ = {
			isa = PBXGroup;
			children = (
			);
			path = Managers;
			sourceTree = "<group>";
		};
		8D4C72BA29646F8800610DE4 /* Resources */ = {
			isa = PBXGroup;
			children = (
				8D4C72A929646DEC00610DE4 /* Assets.xcassets */,
				8D4C72AB29646DEC00610DE4 /* LaunchScreen.storyboard */,
				8D4C72A029646DEA00610DE4 /* AppDelegate.swift */,
				8D4C72A229646DEA00610DE4 /* SceneDelegate.swift */,
			);
			path = Resources;
			sourceTree = "<group>";
		};
		8D4C72C32964707B00610DE4 /* Core */ = {
			isa = PBXGroup;
			children = (
				8D4C72A429646DEA00610DE4 /* RMTabViewController.swift */,
				8D4C72C4296470BB00610DE4 /* RMCharecterViewController.swift */,
				8D4C72C6296470CB00610DE4 /* RMLocationViewController.swift */,
				8D4C72C82964710F00610DE4 /* RMEpisodeViewController.swift */,
				8D4C72CA2964711700610DE4 /* RMSettingsViewController.swift */,
			);
			path = Core;
			sourceTree = "<group>";
		};
		8D4C72D2297AB8B400610DE4 /* DataTypes */ = {
			isa = PBXGroup;
			children = (
				8D4C72BB29646FFB00610DE4 /* RMLocation.swift */,
				8D4C72BE2964702200610DE4 /* RMCharacter.swift */,
				8D4C72C12964703100610DE4 /* RMEpisode.swift */,
			);
			path = DataTypes;
			sourceTree = "<group>";
		};
		8D4C72D3297AB8F600610DE4 /* APIResponseTypes */ = {
			isa = PBXGroup;
			children = (
				8D4C72D4297AB92400610DE4 /* RMGetAllCharactersResponse.swift */,
			);
			path = APIResponseTypes;
			sourceTree = "<group>";
		};
/* End PBXGroup section */

/* Begin PBXNativeTarget section */
		8D4C729C29646DEA00610DE4 /* RickAndMorty */ = {
			isa = PBXNativeTarget;
			buildConfigurationList = 8D4C72B129646DEC00610DE4 /* Build configuration list for PBXNativeTarget "RickAndMorty" */;
			buildPhases = (
				8D4C729929646DEA00610DE4 /* Sources */,
				8D4C729A29646DEA00610DE4 /* Frameworks */,
				8D4C729B29646DEA00610DE4 /* Resources */,
			);
			buildRules = (
			);
			dependencies = (
			);
			name = RickAndMorty;
			productName = RickAndMorty;
			productReference = 8D4C729D29646DEA00610DE4 /* RickAndMorty.app */;
			productType = "com.apple.product-type.application";
		};
/* End PBXNativeTarget section */

/* Begin PBXProject section */
		8D4C729529646DEA00610DE4 /* Project object */ = {
			isa = PBXProject;
			attributes = {
				BuildIndependentTargetsInParallel = 1;
				LastSwiftUpdateCheck = 1420;
				LastUpgradeCheck = 1420;
				TargetAttributes = {
					8D4C729C29646DEA00610DE4 = {
						CreatedOnToolsVersion = 14.2;
					};
				};
			};
			buildConfigurationList = 8D4C729829646DEA00610DE4 /* Build configuration list for PBXProject "RickAndMorty" */;
			compatibilityVersion = "Xcode 14.0";
			developmentRegion = en;
			hasScannedForEncodings = 0;
			knownRegions = (
				en,
				Base,
			);
			mainGroup = 8D4C729429646DEA00610DE4;
			productRefGroup = 8D4C729E29646DEA00610DE4 /* Products */;
			projectDirPath = "";
			projectRoot = "";
			targets = (
				8D4C729C29646DEA00610DE4 /* RickAndMorty */,
			);
		};
/* End PBXProject section */

/* Begin PBXResourcesBuildPhase section */
		8D4C729B29646DEA00610DE4 /* Resources */ = {
			isa = PBXResourcesBuildPhase;
			buildActionMask = 2147483647;
			files = (
				8D4C72AD29646DEC00610DE4 /* LaunchScreen.storyboard in Resources */,
				8D4C72AA29646DEC00610DE4 /* Assets.xcassets in Resources */,
			);
			runOnlyForDeploymentPostprocessing = 0;
		};
/* End PBXResourcesBuildPhase section */

/* Begin PBXSourcesBuildPhase section */
		8D4C729929646DEA00610DE4 /* Sources */ = {
			isa = PBXSourcesBuildPhase;
			buildActionMask = 2147483647;
			files = (
				8D4C72C7296470CB00610DE4 /* RMLocationViewController.swift in Sources */,
				8D4C72C22964703100610DE4 /* RMEpisode.swift in Sources */,
				8D4C72A529646DEA00610DE4 /* RMTabViewController.swift in Sources */,
				8D4C72C92964710F00610DE4 /* RMEpisodeViewController.swift in Sources */,
				8D4C72D5297AB92400610DE4 /* RMGetAllCharactersResponse.swift in Sources */,
				8D4C72C5296470BB00610DE4 /* RMCharecterViewController.swift in Sources */,
				8D4C72A129646DEA00610DE4 /* AppDelegate.swift in Sources */,
				8D4C72CB2964711700610DE4 /* RMSettingsViewController.swift in Sources */,
				8D4C72CD29647C6100610DE4 /* RMService.swift in Sources */,
				8D4C72A329646DEA00610DE4 /* SceneDelegate.swift in Sources */,
				8D4C72D129647D0500610DE4 /* RMEndpoint.swift in Sources */,
				8D4C72BC29646FFB00610DE4 /* RMLocation.swift in Sources */,
				8D4C72CF29647C6A00610DE4 /* RMRequest.swift in Sources */,
				8D4C72BF2964702200610DE4 /* RMCharacter.swift in Sources */,
			);
			runOnlyForDeploymentPostprocessing = 0;
		};
/* End PBXSourcesBuildPhase section */

/* Begin PBXVariantGroup section */
		8D4C72AB29646DEC00610DE4 /* LaunchScreen.storyboard */ = {
			isa = PBXVariantGroup;
			children = (
				8D4C72AC29646DEC00610DE4 /* Base */,
			);
			name = LaunchScreen.storyboard;
			sourceTree = "<group>";
		};
/* End PBXVariantGroup section */

/* Begin XCBuildConfiguration section */
		8D4C72AF29646DEC00610DE4 /* Debug */ = {
			isa = XCBuildConfiguration;
			buildSettings = {
				ALWAYS_SEARCH_USER_PATHS = NO;
				CLANG_ANALYZER_NONNULL = YES;
				CLANG_ANALYZER_NUMBER_OBJECT_CONVERSION = YES_AGGRESSIVE;
				CLANG_CXX_LANGUAGE_STANDARD = "gnu++20";
				CLANG_ENABLE_MODULES = YES;
				CLANG_ENABLE_OBJC_ARC = YES;
				CLANG_ENABLE_OBJC_WEAK = YES;
				CLANG_WARN_BLOCK_CAPTURE_AUTORELEASING = YES;
				CLANG_WARN_BOOL_CONVERSION = YES;
				CLANG_WARN_COMMA = YES;
				CLANG_WARN_CONSTANT_CONVERSION = YES;
				CLANG_WARN_DEPRECATED_OBJC_IMPLEMENTATIONS = YES;
				CLANG_WARN_DIRECT_OBJC_ISA_USAGE = YES_ERROR;
				CLANG_WARN_DOCUMENTATION_COMMENTS = YES;
				CLANG_WARN_EMPTY_BODY = YES;
				CLANG_WARN_ENUM_CONVERSION = YES;
				CLANG_WARN_INFINITE_RECURSION = YES;
				CLANG_WARN_INT_CONVERSION = YES;
				CLANG_WARN_NON_LITERAL_NULL_CONVERSION = YES;
				CLANG_WARN_OBJC_IMPLICIT_RETAIN_SELF = YES;
				CLANG_WARN_OBJC_LITERAL_CONVERSION = YES;
				CLANG_WARN_OBJC_ROOT_CLASS = YES_ERROR;
				CLANG_WARN_QUOTED_INCLUDE_IN_FRAMEWORK_HEADER = YES;
				CLANG_WARN_RANGE_LOOP_ANALYSIS = YES;
				CLANG_WARN_STRICT_PROTOTYPES = YES;
				CLANG_WARN_SUSPICIOUS_MOVE = YES;
				CLANG_WARN_UNGUARDED_AVAILABILITY = YES_AGGRESSIVE;
				CLANG_WARN_UNREACHABLE_CODE = YES;
				CLANG_WARN__DUPLICATE_METHOD_MATCH = YES;
				COPY_PHASE_STRIP = NO;
				DEBUG_INFORMATION_FORMAT = dwarf;
				ENABLE_STRICT_OBJC_MSGSEND = YES;
				ENABLE_TESTABILITY = YES;
				GCC_C_LANGUAGE_STANDARD = gnu11;
				GCC_DYNAMIC_NO_PIC = NO;
				GCC_NO_COMMON_BLOCKS = YES;
				GCC_OPTIMIZATION_LEVEL = 0;
				GCC_PREPROCESSOR_DEFINITIONS = (
					"DEBUG=1",
					"$(inherited)",
				);
				GCC_WARN_64_TO_32_BIT_CONVERSION = YES;
				GCC_WARN_ABOUT_RETURN_TYPE = YES_ERROR;
				GCC_WARN_UNDECLARED_SELECTOR = YES;
				GCC_WARN_UNINITIALIZED_AUTOS = YES_AGGRESSIVE;
				GCC_WARN_UNUSED_FUNCTION = YES;
				GCC_WARN_UNUSED_VARIABLE = YES;
				IPHONEOS_DEPLOYMENT_TARGET = 16.2;
				MTL_ENABLE_DEBUG_INFO = INCLUDE_SOURCE;
				MTL_FAST_MATH = YES;
				ONLY_ACTIVE_ARCH = YES;
				SDKROOT = iphoneos;
				SWIFT_ACTIVE_COMPILATION_CONDITIONS = DEBUG;
				SWIFT_OPTIMIZATION_LEVEL = "-Onone";
			};
			name = Debug;
		};
		8D4C72B029646DEC00610DE4 /* Release */ = {
			isa = XCBuildConfiguration;
			buildSettings = {
				ALWAYS_SEARCH_USER_PATHS = NO;
				CLANG_ANALYZER_NONNULL = YES;
				CLANG_ANALYZER_NUMBER_OBJECT_CONVERSION = YES_AGGRESSIVE;
				CLANG_CXX_LANGUAGE_STANDARD = "gnu++20";
				CLANG_ENABLE_MODULES = YES;
				CLANG_ENABLE_OBJC_ARC = YES;
				CLANG_ENABLE_OBJC_WEAK = YES;
				CLANG_WARN_BLOCK_CAPTURE_AUTORELEASING = YES;
				CLANG_WARN_BOOL_CONVERSION = YES;
				CLANG_WARN_COMMA = YES;
				CLANG_WARN_CONSTANT_CONVERSION = YES;
				CLANG_WARN_DEPRECATED_OBJC_IMPLEMENTATIONS = YES;
				CLANG_WARN_DIRECT_OBJC_ISA_USAGE = YES_ERROR;
				CLANG_WARN_DOCUMENTATION_COMMENTS = YES;
				CLANG_WARN_EMPTY_BODY = YES;
				CLANG_WARN_ENUM_CONVERSION = YES;
				CLANG_WARN_INFINITE_RECURSION = YES;
				CLANG_WARN_INT_CONVERSION = YES;
				CLANG_WARN_NON_LITERAL_NULL_CONVERSION = YES;
				CLANG_WARN_OBJC_IMPLICIT_RETAIN_SELF = YES;
				CLANG_WARN_OBJC_LITERAL_CONVERSION = YES;
				CLANG_WARN_OBJC_ROOT_CLASS = YES_ERROR;
				CLANG_WARN_QUOTED_INCLUDE_IN_FRAMEWORK_HEADER = YES;
				CLANG_WARN_RANGE_LOOP_ANALYSIS = YES;
				CLANG_WARN_STRICT_PROTOTYPES = YES;
				CLANG_WARN_SUSPICIOUS_MOVE = YES;
				CLANG_WARN_UNGUARDED_AVAILABILITY = YES_AGGRESSIVE;
				CLANG_WARN_UNREACHABLE_CODE = YES;
				CLANG_WARN__DUPLICATE_METHOD_MATCH = YES;
				COPY_PHASE_STRIP = NO;
				DEBUG_INFORMATION_FORMAT = "dwarf-with-dsym";
				ENABLE_NS_ASSERTIONS = NO;
				ENABLE_STRICT_OBJC_MSGSEND = YES;
				GCC_C_LANGUAGE_STANDARD = gnu11;
				GCC_NO_COMMON_BLOCKS = YES;
				GCC_WARN_64_TO_32_BIT_CONVERSION = YES;
				GCC_WARN_ABOUT_RETURN_TYPE = YES_ERROR;
				GCC_WARN_UNDECLARED_SELECTOR = YES;
				GCC_WARN_UNINITIALIZED_AUTOS = YES_AGGRESSIVE;
				GCC_WARN_UNUSED_FUNCTION = YES;
				GCC_WARN_UNUSED_VARIABLE = YES;
				IPHONEOS_DEPLOYMENT_TARGET = 16.2;
				MTL_ENABLE_DEBUG_INFO = NO;
				MTL_FAST_MATH = YES;
				SDKROOT = iphoneos;
				SWIFT_COMPILATION_MODE = wholemodule;
				SWIFT_OPTIMIZATION_LEVEL = "-O";
				VALIDATE_PRODUCT = YES;
			};
			name = Release;
		};
		8D4C72B229646DEC00610DE4 /* Debug */ = {
			isa = XCBuildConfiguration;
			buildSettings = {
				ASSETCATALOG_COMPILER_APPICON_NAME = AppIcon;
				ASSETCATALOG_COMPILER_GLOBAL_ACCENT_COLOR_NAME = AccentColor;
				CODE_SIGN_STYLE = Automatic;
				CURRENT_PROJECT_VERSION = 1;
				DEVELOPMENT_TEAM = T68CB4R9H5;
				GENERATE_INFOPLIST_FILE = YES;
				INFOPLIST_FILE = RickAndMorty/Info.plist;
				INFOPLIST_KEY_UIApplicationSupportsIndirectInputEvents = YES;
				INFOPLIST_KEY_UILaunchStoryboardName = LaunchScreen;
				INFOPLIST_KEY_UISupportedInterfaceOrientations_iPad = "UIInterfaceOrientationPortrait UIInterfaceOrientationPortraitUpsideDown UIInterfaceOrientationLandscapeLeft UIInterfaceOrientationLandscapeRight";
				INFOPLIST_KEY_UISupportedInterfaceOrientations_iPhone = "UIInterfaceOrientationPortrait UIInterfaceOrientationLandscapeLeft UIInterfaceOrientationLandscapeRight";
				LD_RUNPATH_SEARCH_PATHS = (
					"$(inherited)",
					"@executable_path/Frameworks",
				);
				MARKETING_VERSION = 1.0;
				PRODUCT_BUNDLE_IDENTIFIER = fre.RickAndMorty;
				PRODUCT_NAME = "$(TARGET_NAME)";
				SWIFT_EMIT_LOC_STRINGS = YES;
				SWIFT_VERSION = 5.0;
				TARGETED_DEVICE_FAMILY = "1,2";
			};
			name = Debug;
		};
		8D4C72B329646DEC00610DE4 /* Release */ = {
			isa = XCBuildConfiguration;
			buildSettings = {
				ASSETCATALOG_COMPILER_APPICON_NAME = AppIcon;
				ASSETCATALOG_COMPILER_GLOBAL_ACCENT_COLOR_NAME = AccentColor;
				CODE_SIGN_STYLE = Automatic;
				CURRENT_PROJECT_VERSION = 1;
				DEVELOPMENT_TEAM = T68CB4R9H5;
				GENERATE_INFOPLIST_FILE = YES;
				INFOPLIST_FILE = RickAndMorty/Info.plist;
				INFOPLIST_KEY_UIApplicationSupportsIndirectInputEvents = YES;
				INFOPLIST_KEY_UILaunchStoryboardName = LaunchScreen;
				INFOPLIST_KEY_UISupportedInterfaceOrientations_iPad = "UIInterfaceOrientationPortrait UIInterfaceOrientationPortraitUpsideDown UIInterfaceOrientationLandscapeLeft UIInterfaceOrientationLandscapeRight";
				INFOPLIST_KEY_UISupportedInterfaceOrientations_iPhone = "UIInterfaceOrientationPortrait UIInterfaceOrientationLandscapeLeft UIInterfaceOrientationLandscapeRight";
				LD_RUNPATH_SEARCH_PATHS = (
					"$(inherited)",
					"@executable_path/Frameworks",
				);
				MARKETING_VERSION = 1.0;
				PRODUCT_BUNDLE_IDENTIFIER = fre.RickAndMorty;
				PRODUCT_NAME = "$(TARGET_NAME)";
				SWIFT_EMIT_LOC_STRINGS = YES;
				SWIFT_VERSION = 5.0;
				TARGETED_DEVICE_FAMILY = "1,2";
			};
			name = Release;
		};
/* End XCBuildConfiguration section */

/* Begin XCConfigurationList section */
		8D4C729829646DEA00610DE4 /* Build configuration list for PBXProject "RickAndMorty" */ = {
			isa = XCConfigurationList;
			buildConfigurations = (
				8D4C72AF29646DEC00610DE4 /* Debug */,
				8D4C72B029646DEC00610DE4 /* Release */,
			);
			defaultConfigurationIsVisible = 0;
			defaultConfigurationName = Release;
		};
		8D4C72B129646DEC00610DE4 /* Build configuration list for PBXNativeTarget "RickAndMorty" */ = {
			isa = XCConfigurationList;
			buildConfigurations = (
				8D4C72B229646DEC00610DE4 /* Debug */,
				8D4C72B329646DEC00610DE4 /* Release */,
			);
			defaultConfigurationIsVisible = 0;
			defaultConfigurationName = Release;
		};
/* End XCConfigurationList section */
	};
	rootObject = 8D4C729529646DEA00610DE4 /* Project object */;
}
